
Microsoft Visual Studio Solution File, Format Version 12.00
# Visual Studio Version 17
VisualStudioVersion = 17.7.34221.43
MinimumVisualStudioVersion = 10.0.40219.1
Project("{FAE04EC0-301F-11D3-BF4B-00C04F79EFBC}") = "GraphicalProgrammingEnvironment", "GraphicalProgrammingEnvironment\GraphicalProgrammingEnvironment.csproj", "{D34CB9AE-08DA-4904-9FA8-267EA7BBF3B3}"
EndProject
Global
	GlobalSection(SolutionConfigurationPlatforms) = preSolution
		Debug|Any CPU = Debug|Any CPU
		Release|Any CPU = Release|Any CPU
	EndGlobalSection
	GlobalSection(ProjectConfigurationPlatforms) = postSolution
		{D34CB9AE-08DA-4904-9FA8-267EA7BBF3B3}.Debug|Any CPU.ActiveCfg = Debug|Any CPU
		{D34CB9AE-08DA-4904-9FA8-267EA7BBF3B3}.Debug|Any CPU.Build.0 = Debug|Any CPU
		{D34CB9AE-08DA-4904-9FA8-267EA7BBF3B3}.Release|Any CPU.ActiveCfg = Release|Any CPU
		{D34CB9AE-08DA-4904-9FA8-267EA7BBF3B3}.Release|Any CPU.Build.0 = Release|Any CPU
	EndGlobalSection
	GlobalSection(SolutionProperties) = preSolution
		HideSolutionNode = FALSE
	EndGlobalSection
	GlobalSection(ExtensibilityGlobals) = postSolution
		SolutionGuid = {A4C3A4FB-FAE6-4CAE-BDBF-BBB8DD619B76}
	EndGlobalSection
EndGlobal
